Microsoft Visual Studio Solution File, Format Version 12.00
# Visual Studio 15
VisualStudioVersion = 15.0.27130.2020
MinimumVisualStudioVersion = 10.0.40219.1
Project("{2150E333-8FDC-42A3-9474-1A3956D46DE8}") = "Modules", "Modules", "{C661E89E-E81D-4201-B0F2-96FA8E052DC3}"
EndProject
Project("{2150E333-8FDC-42A3-9474-1A3956D46DE8}") = "Framework", "Framework", "{37C5B399-8817-4B83-9836-A425F221AB0C}"
EndProject
Project("{9A19103F-16F7-4668-BE54-9A1E7A4F7556}") = "Framework.Common", "Framework\Framework.Common\Framework.Common.csproj", "{3758EF2D-3F41-46DB-95EA-E4D11C7AB825}"
EndProject
Project("{9A19103F-16F7-4668-BE54-9A1E7A4F7556}") = "Framework.Constract", "Framework\Framework.Constract\Framework.Constract.csproj", "{F1E3F8E2-3376-4A02-905D-E8BDE290DF76}"
EndProject
Project("{9A19103F-16F7-4668-BE54-9A1E7A4F7556}") = "Framework.Data", "Framework\Framework.Data\Framework.Data.csproj", "{15D313F6-D3C6-4C17-A1B6-B7F69FE6F161}"
EndProject
Project("{9A19103F-16F7-4668-BE54-9A1E7A4F7556}") = "Framework.Datatables", "Framework\Framework.Datatables\Framework.Datatables.csproj", "{ADC89388-2015-46D5-91B8-CEE5487C8538}"
EndProject
Project("{9A19103F-16F7-4668-BE54-9A1E7A4F7556}") = "Blue.Constract", "Modules\Blue.Constract\Blue.Constract.csproj", "{09FFDE75-A7F2-450B-978A-EC579FDE651E}"
EndProject
Project("{9A19103F-16F7-4668-BE54-9A1E7A4F7556}") = "Blue.Converter", "Modules\Blue.Converter\Blue.Converter.csproj", "{50489431-DC01-4429-A85F-4F638DB61D68}"
EndProject
Project("{9A19103F-16F7-4668-BE54-9A1E7A4F7556}") = "Blue.Data", "Modules\Blue.Data\Blue.Data.csproj", "{896ADF98-94CC-4616-8671-5493BE136E4E}"
EndProject
Project("{9A19103F-16F7-4668-BE54-9A1E7A4F7556}") = "Blue.DomainService", "Modules\Blue.DomainService\Blue.DomainService.csproj", "{120DF1AA-8083-4F4F-9144-2D02C91EFF6C}"
EndProject
Project("{9A19103F-16F7-4668-BE54-9A1E7A4F7556}") = "Blue.Api", "Blue.Api\Blue.Api.csproj", "{3631665D-891C-4DD1-B42A-BFCD1038109E}"
EndProject
Project("{9A19103F-16F7-4668-BE54-9A1E7A4F7556}") = "Blue.IdentityServer", "Blue.IdentityServer\Blue.IdentityServer.csproj", "{565EB1BB-AB0E-4D06-B975-9ADD37CE43AF}"
EndProject
Project("{2150E333-8FDC-42A3-9474-1A3956D46DE8}") = "BuildingBlocks", "BuildingBlocks", "{B4E835FE-6BA9-4C4A-9067-551FC0330B7B}"
EndProject
Project("{9A19103F-16F7-4668-BE54-9A1E7A4F7556}") = "WebHost.Customization", "WebHost.Customization\WebHost.Customization.csproj", "{F8EBED14-85C2-4D0B-A33C-FCB23CB964CD}"
EndProject
Project("{E53339B2-1760-4266-BCC7-CA923CBCF16C}") = "docker-compose", "docker-compose.dcproj", "{42708936-3275-41B9-A078-54A012114840}"
EndProject
Global
	GlobalSection(SolutionConfigurationPlatforms) = preSolution
		Debug|Android = Debug|Android
		Debug|Any CPU = Debug|Any CPU
		Debug|iOS = Debug|iOS
		Debug|Windows-AnyCPU = Debug|Windows-AnyCPU
		Debug|Windows-ARM = Debug|Windows-ARM
		Debug|Windows-x64 = Debug|Windows-x64
		Debug|Windows-x86 = Debug|Windows-x86
		Release|Android = Release|Android
		Release|Any CPU = Release|Any CPU
		Release|iOS = Release|iOS
		Release|Windows-AnyCPU = Release|Windows-AnyCPU
		Release|Windows-ARM = Release|Windows-ARM
		Release|Windows-x64 = Release|Windows-x64
		Release|Windows-x86 = Release|Windows-x86
	EndGlobalSection
	GlobalSection(ProjectConfigurationPlatforms) = postSolution
		{3758EF2D-3F41-46DB-95EA-E4D11C7AB825}.Debug|Android.ActiveCfg = Debug|Any CPU
		{3758EF2D-3F41-46DB-95EA-E4D11C7AB825}.Debug|Android.Build.0 = Debug|Any CPU
		{3758EF2D-3F41-46DB-95EA-E4D11C7AB825}.Debug|Any CPU.ActiveCfg = Debug|Any CPU
		{3758EF2D-3F41-46DB-95EA-E4D11C7AB825}.Debug|Any CPU.Build.0 = Debug|Any CPU
		{3758EF2D-3F41-46DB-95EA-E4D11C7AB825}.Debug|iOS.ActiveCfg = Debug|Any CPU
		{3758EF2D-3F41-46DB-95EA-E4D11C7AB825}.Debug|iOS.Build.0 = Debug|Any CPU
		{3758EF2D-3F41-46DB-95EA-E4D11C7AB825}.Debug|Windows-AnyCPU.ActiveCfg = Debug|Any CPU
		{3758EF2D-3F41-46DB-95EA-E4D11C7AB825}.Debug|Windows-AnyCPU.Build.0 = Debug|Any CPU
		{3758EF2D-3F41-46DB-95EA-E4D11C7AB825}.Debug|Windows-ARM.ActiveCfg = Debug|Any CPU
		{3758EF2D-3F41-46DB-95EA-E4D11C7AB825}.Debug|Windows-ARM.Build.0 = Debug|Any CPU
		{3758EF2D-3F41-46DB-95EA-E4D11C7AB825}.Debug|Windows-x64.ActiveCfg = Debug|Any CPU
		{3758EF2D-3F41-46DB-95EA-E4D11C7AB825}.Debug|Windows-x64.Build.0 = Debug|Any CPU
		{3758EF2D-3F41-46DB-95EA-E4D11C7AB825}.Debug|Windows-x86.ActiveCfg = Debug|Any CPU
		{3758EF2D-3F41-46DB-95EA-E4D11C7AB825}.Debug|Windows-x86.Build.0 = Debug|Any CPU
		{3758EF2D-3F41-46DB-95EA-E4D11C7AB825}.Release|Android.ActiveCfg = Release|Any CPU
		{3758EF2D-3F41-46DB-95EA-E4D11C7AB825}.Release|Android.Build.0 = Release|Any CPU
		{3758EF2D-3F41-46DB-95EA-E4D11C7AB825}.Release|Any CPU.ActiveCfg = Release|Any CPU
		{3758EF2D-3F41-46DB-95EA-E4D11C7AB825}.Release|Any CPU.Build.0 = Release|Any CPU
		{3758EF2D-3F41-46DB-95EA-E4D11C7AB825}.Release|iOS.ActiveCfg = Release|Any CPU
		{3758EF2D-3F41-46DB-95EA-E4D11C7AB825}.Release|iOS.Build.0 = Release|Any CPU
		{3758EF2D-3F41-46DB-95EA-E4D11C7AB825}.Release|Windows-AnyCPU.ActiveCfg = Release|Any CPU
		{3758EF2D-3F41-46DB-95EA-E4D11C7AB825}.Release|Windows-AnyCPU.Build.0 = Release|Any CPU
		{3758EF2D-3F41-46DB-95EA-E4D11C7AB825}.Release|Windows-ARM.ActiveCfg = Release|Any CPU
		{3758EF2D-3F41-46DB-95EA-E4D11C7AB825}.Release|Windows-ARM.Build.0 = Release|Any CPU
		{3758EF2D-3F41-46DB-95EA-E4D11C7AB825}.Release|Windows-x64.ActiveCfg = Release|Any CPU
		{3758EF2D-3F41-46DB-95EA-E4D11C7AB825}.Release|Windows-x64.Build.0 = Release|Any CPU
		{3758EF2D-3F41-46DB-95EA-E4D11C7AB825}.Release|Windows-x86.ActiveCfg = Release|Any CPU
		{3758EF2D-3F41-46DB-95EA-E4D11C7AB825}.Release|Windows-x86.Build.0 = Release|Any CPU
		{F1E3F8E2-3376-4A02-905D-E8BDE290DF76}.Debug|Android.ActiveCfg = Debug|Any CPU
		{F1E3F8E2-3376-4A02-905D-E8BDE290DF76}.Debug|Android.Build.0 = Debug|Any CPU
		{F1E3F8E2-3376-4A02-905D-E8BDE290DF76}.Debug|Any CPU.ActiveCfg = Debug|Any CPU
		{F1E3F8E2-3376-4A02-905D-E8BDE290DF76}.Debug|Any CPU.Build.0 = Debug|Any CPU
		{F1E3F8E2-3376-4A02-905D-E8BDE290DF76}.Debug|iOS.ActiveCfg = Debug|Any CPU
		{F1E3F8E2-3376-4A02-905D-E8BDE290DF76}.Debug|iOS.Build.0 = Debug|Any CPU
		{F1E3F8E2-3376-4A02-905D-E8BDE290DF76}.Debug|Windows-AnyCPU.ActiveCfg = Debug|Any CPU
		{F1E3F8E2-3376-4A02-905D-E8BDE290DF76}.Debug|Windows-AnyCPU.Build.0 = Debug|Any CPU
		{F1E3F8E2-3376-4A02-905D-E8BDE290DF76}.Debug|Windows-ARM.ActiveCfg = Debug|Any CPU
		{F1E3F8E2-3376-4A02-905D-E8BDE290DF76}.Debug|Windows-ARM.Build.0 = Debug|Any CPU
		{F1E3F8E2-3376-4A02-905D-E8BDE290DF76}.Debug|Windows-x64.ActiveCfg = Debug|Any CPU
		{F1E3F8E2-3376-4A02-905D-E8BDE290DF76}.Debug|Windows-x64.Build.0 = Debug|Any CPU
		{F1E3F8E2-3376-4A02-905D-E8BDE290DF76}.Debug|Windows-x86.ActiveCfg = Debug|Any CPU
		{F1E3F8E2-3376-4A02-905D-E8BDE290DF76}.Debug|Windows-x86.Build.0 = Debug|Any CPU
		{F1E3F8E2-3376-4A02-905D-E8BDE290DF76}.Release|Android.ActiveCfg = Release|Any CPU
		{F1E3F8E2-3376-4A02-905D-E8BDE290DF76}.Release|Android.Build.0 = Release|Any CPU
		{F1E3F8E2-3376-4A02-905D-E8BDE290DF76}.Release|Any CPU.ActiveCfg = Release|Any CPU
		{F1E3F8E2-3376-4A02-905D-E8BDE290DF76}.Release|Any CPU.Build.0 = Release|Any CPU
		{F1E3F8E2-3376-4A02-905D-E8BDE290DF76}.Release|iOS.ActiveCfg = Release|Any CPU
		{F1E3F8E2-3376-4A02-905D-E8BDE290DF76}.Release|iOS.Build.0 = Release|Any CPU
		{F1E3F8E2-3376-4A02-905D-E8BDE290DF76}.Release|Windows-AnyCPU.ActiveCfg = Release|Any CPU
		{F1E3F8E2-3376-4A02-905D-E8BDE290DF76}.Release|Windows-AnyCPU.Build.0 = Release|Any CPU
		{F1E3F8E2-3376-4A02-905D-E8BDE290DF76}.Release|Windows-ARM.ActiveCfg = Release|Any CPU
		{F1E3F8E2-3376-4A02-905D-E8BDE290DF76}.Release|Windows-ARM.Build.0 = Release|Any CPU
		{F1E3F8E2-3376-4A02-905D-E8BDE290DF76}.Release|Windows-x64.ActiveCfg = Release|Any CPU
		{F1E3F8E2-3376-4A02-905D-E8BDE290DF76}.Release|Windows-x64.Build.0 = Release|Any CPU
		{F1E3F8E2-3376-4A02-905D-E8BDE290DF76}.Release|Windows-x86.ActiveCfg = Release|Any CPU
		{F1E3F8E2-3376-4A02-905D-E8BDE290DF76}.Release|Windows-x86.Build.0 = Release|Any CPU
		{15D313F6-D3C6-4C17-A1B6-B7F69FE6F161}.Debug|Android.ActiveCfg = Debug|Any CPU
		{15D313F6-D3C6-4C17-A1B6-B7F69FE6F161}.Debug|Android.Build.0 = Debug|Any CPU
		{15D313F6-D3C6-4C17-A1B6-B7F69FE6F161}.Debug|Any CPU.ActiveCfg = Debug|Any CPU
		{15D313F6-D3C6-4C17-A1B6-B7F69FE6F161}.Debug|Any CPU.Build.0 = Debug|Any CPU
		{15D313F6-D3C6-4C17-A1B6-B7F69FE6F161}.Debug|iOS.ActiveCfg = Debug|Any CPU
		{15D313F6-D3C6-4C17-A1B6-B7F69FE6F161}.Debug|iOS.Build.0 = Debug|Any CPU
		{15D313F6-D3C6-4C17-A1B6-B7F69FE6F161}.Debug|Windows-AnyCPU.ActiveCfg = Debug|Any CPU
		{15D313F6-D3C6-4C17-A1B6-B7F69FE6F161}.Debug|Windows-AnyCPU.Build.0 = Debug|Any CPU
		{15D313F6-D3C6-4C17-A1B6-B7F69FE6F161}.Debug|Windows-ARM.ActiveCfg = Debug|Any CPU
		{15D313F6-D3C6-4C17-A1B6-B7F69FE6F161}.Debug|Windows-ARM.Build.0 = Debug|Any CPU
		{15D313F6-D3C6-4C17-A1B6-B7F69FE6F161}.Debug|Windows-x64.ActiveCfg = Debug|Any CPU
		{15D313F6-D3C6-4C17-A1B6-B7F69FE6F161}.Debug|Windows-x64.Build.0 = Debug|Any CPU
		{15D313F6-D3C6-4C17-A1B6-B7F69FE6F161}.Debug|Windows-x86.ActiveCfg = Debug|Any CPU
		{15D313F6-D3C6-4C17-A1B6-B7F69FE6F161}.Debug|Windows-x86.Build.0 = Debug|Any CPU
		{15D313F6-D3C6-4C17-A1B6-B7F69FE6F161}.Release|Android.ActiveCfg = Release|Any CPU
		{15D313F6-D3C6-4C17-A1B6-B7F69FE6F161}.Release|Android.Build.0 = Release|Any CPU
		{15D313F6-D3C6-4C17-A1B6-B7F69FE6F161}.Release|Any CPU.ActiveCfg = Release|Any CPU
		{15D313F6-D3C6-4C17-A1B6-B7F69FE6F161}.Release|Any CPU.Build.0 = Release|Any CPU
		{15D313F6-D3C6-4C17-A1B6-B7F69FE6F161}.Release|iOS.ActiveCfg = Release|Any CPU
		{15D313F6-D3C6-4C17-A1B6-B7F69FE6F161}.Release|iOS.Build.0 = Release|Any CPU
		{15D313F6-D3C6-4C17-A1B6-B7F69FE6F161}.Release|Windows-AnyCPU.ActiveCfg = Release|Any CPU
		{15D313F6-D3C6-4C17-A1B6-B7F69FE6F161}.Release|Windows-AnyCPU.Build.0 = Release|Any CPU
		{15D313F6-D3C6-4C17-A1B6-B7F69FE6F161}.Release|Windows-ARM.ActiveCfg = Release|Any CPU
		{15D313F6-D3C6-4C17-A1B6-B7F69FE6F161}.Release|Windows-ARM.Build.0 = Release|Any CPU
		{15D313F6-D3C6-4C17-A1B6-B7F69FE6F161}.Release|Windows-x64.ActiveCfg = Release|Any CPU
		{15D313F6-D3C6-4C17-A1B6-B7F69FE6F161}.Release|Windows-x64.Build.0 = Release|Any CPU
		{15D313F6-D3C6-4C17-A1B6-B7F69FE6F161}.Release|Windows-x86.ActiveCfg = Release|Any CPU
		{15D313F6-D3C6-4C17-A1B6-B7F69FE6F161}.Release|Windows-x86.Build.0 = Release|Any CPU
		{ADC89388-2015-46D5-91B8-CEE5487C8538}.Debug|Android.ActiveCfg = Debug|Any CPU
		{ADC89388-2015-46D5-91B8-CEE5487C8538}.Debug|Android.Build.0 = Debug|Any CPU
		{ADC89388-2015-46D5-91B8-CEE5487C8538}.Debug|Any CPU.ActiveCfg = Debug|Any CPU
		{ADC89388-2015-46D5-91B8-CEE5487C8538}.Debug|Any CPU.Build.0 = Debug|Any CPU
		{ADC89388-2015-46D5-91B8-CEE5487C8538}.Debug|iOS.ActiveCfg = Debug|Any CPU
		{ADC89388-2015-46D5-91B8-CEE5487C8538}.Debug|iOS.Build.0 = Debug|Any CPU
		{ADC89388-2015-46D5-91B8-CEE5487C8538}.Debug|Windows-AnyCPU.ActiveCfg = Debug|Any CPU
		{ADC89388-2015-46D5-91B8-CEE5487C8538}.Debug|Windows-AnyCPU.Build.0 = Debug|Any CPU
		{ADC89388-2015-46D5-91B8-CEE5487C8538}.Debug|Windows-ARM.ActiveCfg = Debug|Any CPU
		{ADC89388-2015-46D5-91B8-CEE5487C8538}.Debug|Windows-ARM.Build.0 = Debug|Any CPU
		{ADC89388-2015-46D5-91B8-CEE5487C8538}.Debug|Windows-x64.ActiveCfg = Debug|Any CPU
		{ADC89388-2015-46D5-91B8-CEE5487C8538}.Debug|Windows-x64.Build.0 = Debug|Any CPU
		{ADC89388-2015-46D5-91B8-CEE5487C8538}.Debug|Windows-x86.ActiveCfg = Debug|Any CPU
		{ADC89388-2015-46D5-91B8-CEE5487C8538}.Debug|Windows-x86.Build.0 = Debug|Any CPU
		{ADC89388-2015-46D5-91B8-CEE5487C8538}.Release|Android.ActiveCfg = Release|Any CPU
		{ADC89388-2015-46D5-91B8-CEE5487C8538}.Release|Android.Build.0 = Release|Any CPU
		{ADC89388-2015-46D5-91B8-CEE5487C8538}.Release|Any CPU.ActiveCfg = Release|Any CPU
		{ADC89388-2015-46D5-91B8-CEE5487C8538}.Release|Any CPU.Build.0 = Release|Any CPU
		{ADC89388-2015-46D5-91B8-CEE5487C8538}.Release|iOS.ActiveCfg = Release|Any CPU
		{ADC89388-2015-46D5-91B8-CEE5487C8538}.Release|iOS.Build.0 = Release|Any CPU
		{ADC89388-2015-46D5-91B8-CEE5487C8538}.Release|Windows-AnyCPU.ActiveCfg = Release|Any CPU
		{ADC89388-2015-46D5-91B8-CEE5487C8538}.Release|Windows-AnyCPU.Build.0 = Release|Any CPU
		{ADC89388-2015-46D5-91B8-CEE5487C8538}.Release|Windows-ARM.ActiveCfg = Release|Any CPU
		{ADC89388-2015-46D5-91B8-CEE5487C8538}.Release|Windows-ARM.Build.0 = Release|Any CPU
		{ADC89388-2015-46D5-91B8-CEE5487C8538}.Release|Windows-x64.ActiveCfg = Release|Any CPU
		{ADC89388-2015-46D5-91B8-CEE5487C8538}.Release|Windows-x64.Build.0 = Release|Any CPU
		{ADC89388-2015-46D5-91B8-CEE5487C8538}.Release|Windows-x86.ActiveCfg = Release|Any CPU
		{ADC89388-2015-46D5-91B8-CEE5487C8538}.Release|Windows-x86.Build.0 = Release|Any CPU
		{09FFDE75-A7F2-450B-978A-EC579FDE651E}.Debug|Android.ActiveCfg = Debug|Any CPU
		{09FFDE75-A7F2-450B-978A-EC579FDE651E}.Debug|Android.Build.0 = Debug|Any CPU
		{09FFDE75-A7F2-450B-978A-EC579FDE651E}.Debug|Any CPU.ActiveCfg = Debug|Any CPU
		{09FFDE75-A7F2-450B-978A-EC579FDE651E}.Debug|Any CPU.Build.0 = Debug|Any CPU
		{09FFDE75-A7F2-450B-978A-EC579FDE651E}.Debug|iOS.ActiveCfg = Debug|Any CPU
		{09FFDE75-A7F2-450B-978A-EC579FDE651E}.Debug|iOS.Build.0 = Debug|Any CPU
		{09FFDE75-A7F2-450B-978A-EC579FDE651E}.Debug|Windows-AnyCPU.ActiveCfg = Debug|Any CPU
		{09FFDE75-A7F2-450B-978A-EC579FDE651E}.Debug|Windows-AnyCPU.Build.0 = Debug|Any CPU
		{09FFDE75-A7F2-450B-978A-EC579FDE651E}.Debug|Windows-ARM.ActiveCfg = Debug|Any CPU
		{09FFDE75-A7F2-450B-978A-EC579FDE651E}.Debug|Windows-ARM.Build.0 = Debug|Any CPU
		{09FFDE75-A7F2-450B-978A-EC579FDE651E}.Debug|Windows-x64.ActiveCfg = Debug|Any CPU
		{09FFDE75-A7F2-450B-978A-EC579FDE651E}.Debug|Windows-x64.Build.0 = Debug|Any CPU
		{09FFDE75-A7F2-450B-978A-EC579FDE651E}.Debug|Windows-x86.ActiveCfg = Debug|Any CPU
		{09FFDE75-A7F2-450B-978A-EC579FDE651E}.Debug|Windows-x86.Build.0 = Debug|Any CPU
		{09FFDE75-A7F2-450B-978A-EC579FDE651E}.Release|Android.ActiveCfg = Release|Any CPU
		{09FFDE75-A7F2-450B-978A-EC579FDE651E}.Release|Android.Build.0 = Release|Any CPU
		{09FFDE75-A7F2-450B-978A-EC579FDE651E}.Release|Any CPU.ActiveCfg = Release|Any CPU
		{09FFDE75-A7F2-450B-978A-EC579FDE651E}.Release|Any CPU.Build.0 = Release|Any CPU
		{09FFDE75-A7F2-450B-978A-EC579FDE651E}.Release|iOS.ActiveCfg = Release|Any CPU
		{09FFDE75-A7F2-450B-978A-EC579FDE651E}.Release|iOS.Build.0 = Release|Any CPU
		{09FFDE75-A7F2-450B-978A-EC579FDE651E}.Release|Windows-AnyCPU.ActiveCfg = Release|Any CPU
		{09FFDE75-A7F2-450B-978A-EC579FDE651E}.Release|Windows-AnyCPU.Build.0 = Release|Any CPU
		{09FFDE75-A7F2-450B-978A-EC579FDE651E}.Release|Windows-ARM.ActiveCfg = Release|Any CPU
		{09FFDE75-A7F2-450B-978A-EC579FDE651E}.Release|Windows-ARM.Build.0 = Release|Any CPU
		{09FFDE75-A7F2-450B-978A-EC579FDE651E}.Release|Windows-x64.ActiveCfg = Release|Any CPU
		{09FFDE75-A7F2-450B-978A-EC579FDE651E}.Release|Windows-x64.Build.0 = Release|Any CPU
		{09FFDE75-A7F2-450B-978A-EC579FDE651E}.Release|Windows-x86.ActiveCfg = Release|Any CPU
		{09FFDE75-A7F2-450B-978A-EC579FDE651E}.Release|Windows-x86.Build.0 = Release|Any CPU
		{50489431-DC01-4429-A85F-4F638DB61D68}.Debug|Android.ActiveCfg = Debug|Any CPU
		{50489431-DC01-4429-A85F-4F638DB61D68}.Debug|Android.Build.0 = Debug|Any CPU
		{50489431-DC01-4429-A85F-4F638DB61D68}.Debug|Any CPU.ActiveCfg = Debug|Any CPU
		{50489431-DC01-4429-A85F-4F638DB61D68}.Debug|Any CPU.Build.0 = Debug|Any CPU
		{50489431-DC01-4429-A85F-4F638DB61D68}.Debug|iOS.ActiveCfg = Debug|Any CPU
		{50489431-DC01-4429-A85F-4F638DB61D68}.Debug|iOS.Build.0 = Debug|Any CPU
		{50489431-DC01-4429-A85F-4F638DB61D68}.Debug|Windows-AnyCPU.ActiveCfg = Debug|Any CPU
		{50489431-DC01-4429-A85F-4F638DB61D68}.Debug|Windows-AnyCPU.Build.0 = Debug|Any CPU
		{50489431-DC01-4429-A85F-4F638DB61D68}.Debug|Windows-ARM.ActiveCfg = Debug|Any CPU
		{50489431-DC01-4429-A85F-4F638DB61D68}.Debug|Windows-ARM.Build.0 = Debug|Any CPU
		{50489431-DC01-4429-A85F-4F638DB61D68}.Debug|Windows-x64.ActiveCfg = Debug|Any CPU
		{50489431-DC01-4429-A85F-4F638DB61D68}.Debug|Windows-x64.Build.0 = Debug|Any CPU
		{50489431-DC01-4429-A85F-4F638DB61D68}.Debug|Windows-x86.ActiveCfg = Debug|Any CPU
		{50489431-DC01-4429-A85F-4F638DB61D68}.Debug|Windows-x86.Build.0 = Debug|Any CPU
		{50489431-DC01-4429-A85F-4F638DB61D68}.Release|Android.ActiveCfg = Release|Any CPU
		{50489431-DC01-4429-A85F-4F638DB61D68}.Release|Android.Build.0 = Release|Any CPU
		{50489431-DC01-4429-A85F-4F638DB61D68}.Release|Any CPU.ActiveCfg = Release|Any CPU
		{50489431-DC01-4429-A85F-4F638DB61D68}.Release|Any CPU.Build.0 = Release|Any CPU
		{50489431-DC01-4429-A85F-4F638DB61D68}.Release|iOS.ActiveCfg = Release|Any CPU
		{50489431-DC01-4429-A85F-4F638DB61D68}.Release|iOS.Build.0 = Release|Any CPU
		{50489431-DC01-4429-A85F-4F638DB61D68}.Release|Windows-AnyCPU.ActiveCfg = Release|Any CPU
		{50489431-DC01-4429-A85F-4F638DB61D68}.Release|Windows-AnyCPU.Build.0 = Release|Any CPU
		{50489431-DC01-4429-A85F-4F638DB61D68}.Release|Windows-ARM.ActiveCfg = Release|Any CPU
		{50489431-DC01-4429-A85F-4F638DB61D68}.Release|Windows-ARM.Build.0 = Release|Any CPU
		{50489431-DC01-4429-A85F-4F638DB61D68}.Release|Windows-x64.ActiveCfg = Release|Any CPU
		{50489431-DC01-4429-A85F-4F638DB61D68}.Release|Windows-x64.Build.0 = Release|Any CPU
		{50489431-DC01-4429-A85F-4F638DB61D68}.Release|Windows-x86.ActiveCfg = Release|Any CPU
		{50489431-DC01-4429-A85F-4F638DB61D68}.Release|Windows-x86.Build.0 = Release|Any CPU
		{896ADF98-94CC-4616-8671-5493BE136E4E}.Debug|Android.ActiveCfg = Debug|Any CPU
		{896ADF98-94CC-4616-8671-5493BE136E4E}.Debug|Android.Build.0 = Debug|Any CPU
		{896ADF98-94CC-4616-8671-5493BE136E4E}.Debug|Any CPU.ActiveCfg = Debug|Any CPU
		{896ADF98-94CC-4616-8671-5493BE136E4E}.Debug|Any CPU.Build.0 = Debug|Any CPU
		{896ADF98-94CC-4616-8671-5493BE136E4E}.Debug|iOS.ActiveCfg = Debug|Any CPU
		{896ADF98-94CC-4616-8671-5493BE136E4E}.Debug|iOS.Build.0 = Debug|Any CPU
		{896ADF98-94CC-4616-8671-5493BE136E4E}.Debug|Windows-AnyCPU.ActiveCfg = Debug|Any CPU
		{896ADF98-94CC-4616-8671-5493BE136E4E}.Debug|Windows-AnyCPU.Build.0 = Debug|Any CPU
		{896ADF98-94CC-4616-8671-5493BE136E4E}.Debug|Windows-ARM.ActiveCfg = Debug|Any CPU
		{896ADF98-94CC-4616-8671-5493BE136E4E}.Debug|Windows-ARM.Build.0 = Debug|Any CPU
		{896ADF98-94CC-4616-8671-5493BE136E4E}.Debug|Windows-x64.ActiveCfg = Debug|Any CPU
		{896ADF98-94CC-4616-8671-5493BE136E4E}.Debug|Windows-x64.Build.0 = Debug|Any CPU
		{896ADF98-94CC-4616-8671-5493BE136E4E}.Debug|Windows-x86.ActiveCfg = Debug|Any CPU
		{896ADF98-94CC-4616-8671-5493BE136E4E}.Debug|Windows-x86.Build.0 = Debug|Any CPU
		{896ADF98-94CC-4616-8671-5493BE136E4E}.Release|Android.ActiveCfg = Release|Any CPU
		{896ADF98-94CC-4616-8671-5493BE136E4E}.Release|Android.Build.0 = Release|Any CPU
		{896ADF98-94CC-4616-8671-5493BE136E4E}.Release|Any CPU.ActiveCfg = Release|Any CPU
		{896ADF98-94CC-4616-8671-5493BE136E4E}.Release|Any CPU.Build.0 = Release|Any CPU
		{896ADF98-94CC-4616-8671-5493BE136E4E}.Release|iOS.ActiveCfg = Release|Any CPU
		{896ADF98-94CC-4616-8671-5493BE136E4E}.Release|iOS.Build.0 = Release|Any CPU
		{896ADF98-94CC-4616-8671-5493BE136E4E}.Release|Windows-AnyCPU.ActiveCfg = Release|Any CPU
		{896ADF98-94CC-4616-8671-5493BE136E4E}.Release|Windows-AnyCPU.Build.0 = Release|Any CPU
		{896ADF98-94CC-4616-8671-5493BE136E4E}.Release|Windows-ARM.ActiveCfg = Release|Any CPU
		{896ADF98-94CC-4616-8671-5493BE136E4E}.Release|Windows-ARM.Build.0 = Release|Any CPU
		{896ADF98-94CC-4616-8671-5493BE136E4E}.Release|Windows-x64.ActiveCfg = Release|Any CPU
		{896ADF98-94CC-4616-8671-5493BE136E4E}.Release|Windows-x64.Build.0 = Release|Any CPU
		{896ADF98-94CC-4616-8671-5493BE136E4E}.Release|Windows-x86.ActiveCfg = Release|Any CPU
		{896ADF98-94CC-4616-8671-5493BE136E4E}.Release|Windows-x86.Build.0 = Release|Any CPU
		{120DF1AA-8083-4F4F-9144-2D02C91EFF6C}.Debug|Android.ActiveCfg = Debug|Any CPU
		{120DF1AA-8083-4F4F-9144-2D02C91EFF6C}.Debug|Android.Build.0 = Debug|Any CPU
		{120DF1AA-8083-4F4F-9144-2D02C91EFF6C}.Debug|Any CPU.ActiveCfg = Debug|Any CPU
		{120DF1AA-8083-4F4F-9144-2D02C91EFF6C}.Debug|Any CPU.Build.0 = Debug|Any CPU
		{120DF1AA-8083-4F4F-9144-2D02C91EFF6C}.Debug|iOS.ActiveCfg = Debug|Any CPU
		{120DF1AA-8083-4F4F-9144-2D02C91EFF6C}.Debug|iOS.Build.0 = Debug|Any CPU
		{120DF1AA-8083-4F4F-9144-2D02C91EFF6C}.Debug|Windows-AnyCPU.ActiveCfg = Debug|Any CPU
		{120DF1AA-8083-4F4F-9144-2D02C91EFF6C}.Debug|Windows-AnyCPU.Build.0 = Debug|Any CPU
		{120DF1AA-8083-4F4F-9144-2D02C91EFF6C}.Debug|Windows-ARM.ActiveCfg = Debug|Any CPU
		{120DF1AA-8083-4F4F-9144-2D02C91EFF6C}.Debug|Windows-ARM.Build.0 = Debug|Any CPU
		{120DF1AA-8083-4F4F-9144-2D02C91EFF6C}.Debug|Windows-x64.ActiveCfg = Debug|Any CPU
		{120DF1AA-8083-4F4F-9144-2D02C91EFF6C}.Debug|Windows-x64.Build.0 = Debug|Any CPU
		{120DF1AA-8083-4F4F-9144-2D02C91EFF6C}.Debug|Windows-x86.ActiveCfg = Debug|Any CPU
		{120DF1AA-8083-4F4F-9144-2D02C91EFF6C}.Debug|Windows-x86.Build.0 = Debug|Any CPU
		{120DF1AA-8083-4F4F-9144-2D02C91EFF6C}.Release|Android.ActiveCfg = Release|Any CPU
		{120DF1AA-8083-4F4F-9144-2D02C91EFF6C}.Release|Android.Build.0 = Release|Any CPU
		{120DF1AA-8083-4F4F-9144-2D02C91EFF6C}.Release|Any CPU.ActiveCfg = Release|Any CPU
		{120DF1AA-8083-4F4F-9144-2D02C91EFF6C}.Release|Any CPU.Build.0 = Release|Any CPU
		{120DF1AA-8083-4F4F-9144-2D02C91EFF6C}.Release|iOS.ActiveCfg = Release|Any CPU
		{120DF1AA-8083-4F4F-9144-2D02C91EFF6C}.Release|iOS.Build.0 = Release|Any CPU
		{120DF1AA-8083-4F4F-9144-2D02C91EFF6C}.Release|Windows-AnyCPU.ActiveCfg = Release|Any CPU
		{120DF1AA-8083-4F4F-9144-2D02C91EFF6C}.Release|Windows-AnyCPU.Build.0 = Release|Any CPU
		{120DF1AA-8083-4F4F-9144-2D02C91EFF6C}.Release|Windows-ARM.ActiveCfg = Release|Any CPU
		{120DF1AA-8083-4F4F-9144-2D02C91EFF6C}.Release|Windows-ARM.Build.0 = Release|Any CPU
		{120DF1AA-8083-4F4F-9144-2D02C91EFF6C}.Release|Windows-x64.ActiveCfg = Release|Any CPU
		{120DF1AA-8083-4F4F-9144-2D02C91EFF6C}.Release|Windows-x64.Build.0 = Release|Any CPU
		{120DF1AA-8083-4F4F-9144-2D02C91EFF6C}.Release|Windows-x86.ActiveCfg = Release|Any CPU
		{120DF1AA-8083-4F4F-9144-2D02C91EFF6C}.Release|Windows-x86.Build.0 = Release|Any CPU
		{3631665D-891C-4DD1-B42A-BFCD1038109E}.Debug|Android.ActiveCfg = Debug|Any CPU
		{3631665D-891C-4DD1-B42A-BFCD1038109E}.Debug|Android.Build.0 = Debug|Any CPU
		{3631665D-891C-4DD1-B42A-BFCD1038109E}.Debug|Any CPU.ActiveCfg = Debug|Any CPU
		{3631665D-891C-4DD1-B42A-BFCD1038109E}.Debug|Any CPU.Build.0 = Debug|Any CPU
		{3631665D-891C-4DD1-B42A-BFCD1038109E}.Debug|iOS.ActiveCfg = Debug|Any CPU
		{3631665D-891C-4DD1-B42A-BFCD1038109E}.Debug|iOS.Build.0 = Debug|Any CPU
		{3631665D-891C-4DD1-B42A-BFCD1038109E}.Debug|Windows-AnyCPU.ActiveCfg = Debug|Any CPU
		{3631665D-891C-4DD1-B42A-BFCD1038109E}.Debug|Windows-AnyCPU.Build.0 = Debug|Any CPU
		{3631665D-891C-4DD1-B42A-BFCD1038109E}.Debug|Windows-ARM.ActiveCfg = Debug|Any CPU
		{3631665D-891C-4DD1-B42A-BFCD1038109E}.Debug|Windows-ARM.Build.0 = Debug|Any CPU
		{3631665D-891C-4DD1-B42A-BFCD1038109E}.Debug|Windows-x64.ActiveCfg = Debug|Any CPU
		{3631665D-891C-4DD1-B42A-BFCD1038109E}.Debug|Windows-x64.Build.0 = Debug|Any CPU
		{3631665D-891C-4DD1-B42A-BFCD1038109E}.Debug|Windows-x86.ActiveCfg = Debug|Any CPU
		{3631665D-891C-4DD1-B42A-BFCD1038109E}.Debug|Windows-x86.Build.0 = Debug|Any CPU
		{3631665D-891C-4DD1-B42A-BFCD1038109E}.Release|Android.ActiveCfg = Release|Any CPU
		{3631665D-891C-4DD1-B42A-BFCD1038109E}.Release|Android.Build.0 = Release|Any CPU
		{3631665D-891C-4DD1-B42A-BFCD1038109E}.Release|Any CPU.ActiveCfg = Release|Any CPU
		{3631665D-891C-4DD1-B42A-BFCD1038109E}.Release|Any CPU.Build.0 = Release|Any CPU
		{3631665D-891C-4DD1-B42A-BFCD1038109E}.Release|iOS.ActiveCfg = Release|Any CPU
		{3631665D-891C-4DD1-B42A-BFCD1038109E}.Release|iOS.Build.0 = Release|Any CPU
		{3631665D-891C-4DD1-B42A-BFCD1038109E}.Release|Windows-AnyCPU.ActiveCfg = Release|Any CPU
		{3631665D-891C-4DD1-B42A-BFCD1038109E}.Release|Windows-AnyCPU.Build.0 = Release|Any CPU
		{3631665D-891C-4DD1-B42A-BFCD1038109E}.Release|Windows-ARM.ActiveCfg = Release|Any CPU
		{3631665D-891C-4DD1-B42A-BFCD1038109E}.Release|Windows-ARM.Build.0 = Release|Any CPU
		{3631665D-891C-4DD1-B42A-BFCD1038109E}.Release|Windows-x64.ActiveCfg = Release|Any CPU
		{3631665D-891C-4DD1-B42A-BFCD1038109E}.Release|Windows-x64.Build.0 = Release|Any CPU
		{3631665D-891C-4DD1-B42A-BFCD1038109E}.Release|Windows-x86.ActiveCfg = Release|Any CPU
		{3631665D-891C-4DD1-B42A-BFCD1038109E}.Release|Windows-x86.Build.0 = Release|Any CPU
		{565EB1BB-AB0E-4D06-B975-9ADD37CE43AF}.Debug|Android.ActiveCfg = Debug|Any CPU
		{565EB1BB-AB0E-4D06-B975-9ADD37CE43AF}.Debug|Android.Build.0 = Debug|Any CPU
		{565EB1BB-AB0E-4D06-B975-9ADD37CE43AF}.Debug|Any CPU.ActiveCfg = Debug|Any CPU
		{565EB1BB-AB0E-4D06-B975-9ADD37CE43AF}.Debug|Any CPU.Build.0 = Debug|Any CPU
		{565EB1BB-AB0E-4D06-B975-9ADD37CE43AF}.Debug|iOS.ActiveCfg = Debug|Any CPU
		{565EB1BB-AB0E-4D06-B975-9ADD37CE43AF}.Debug|iOS.Build.0 = Debug|Any CPU
		{565EB1BB-AB0E-4D06-B975-9ADD37CE43AF}.Debug|Windows-AnyCPU.ActiveCfg = Debug|Any CPU
		{565EB1BB-AB0E-4D06-B975-9ADD37CE43AF}.Debug|Windows-AnyCPU.Build.0 = Debug|Any CPU
		{565EB1BB-AB0E-4D06-B975-9ADD37CE43AF}.Debug|Windows-ARM.ActiveCfg = Debug|Any CPU
		{565EB1BB-AB0E-4D06-B975-9ADD37CE43AF}.Debug|Windows-ARM.Build.0 = Debug|Any CPU
		{565EB1BB-AB0E-4D06-B975-9ADD37CE43AF}.Debug|Windows-x64.ActiveCfg = Debug|Any CPU
		{565EB1BB-AB0E-4D06-B975-9ADD37CE43AF}.Debug|Windows-x64.Build.0 = Debug|Any CPU
		{565EB1BB-AB0E-4D06-B975-9ADD37CE43AF}.Debug|Windows-x86.ActiveCfg = Debug|Any CPU
		{565EB1BB-AB0E-4D06-B975-9ADD37CE43AF}.Debug|Windows-x86.Build.0 = Debug|Any CPU
		{565EB1BB-AB0E-4D06-B975-9ADD37CE43AF}.Release|Android.ActiveCfg = Release|Any CPU
		{565EB1BB-AB0E-4D06-B975-9ADD37CE43AF}.Release|Android.Build.0 = Release|Any CPU
		{565EB1BB-AB0E-4D06-B975-9ADD37CE43AF}.Release|Any CPU.ActiveCfg = Release|Any CPU
		{565EB1BB-AB0E-4D06-B975-9ADD37CE43AF}.Release|Any CPU.Build.0 = Release|Any CPU
		{565EB1BB-AB0E-4D06-B975-9ADD37CE43AF}.Release|iOS.ActiveCfg = Release|Any CPU
		{565EB1BB-AB0E-4D06-B975-9ADD37CE43AF}.Release|iOS.Build.0 = Release|Any CPU
		{565EB1BB-AB0E-4D06-B975-9ADD37CE43AF}.Release|Windows-AnyCPU.ActiveCfg = Release|Any CPU
		{565EB1BB-AB0E-4D06-B975-9ADD37CE43AF}.Release|Windows-AnyCPU.Build.0 = Release|Any CPU
		{565EB1BB-AB0E-4D06-B975-9ADD37CE43AF}.Release|Windows-ARM.ActiveCfg = Release|Any CPU
		{565EB1BB-AB0E-4D06-B975-9ADD37CE43AF}.Release|Windows-ARM.Build.0 = Release|Any CPU
		{565EB1BB-AB0E-4D06-B975-9ADD37CE43AF}.Release|Windows-x64.ActiveCfg = Release|Any CPU
		{565EB1BB-AB0E-4D06-B975-9ADD37CE43AF}.Release|Windows-x64.Build.0 = Release|Any CPU
		{565EB1BB-AB0E-4D06-B975-9ADD37CE43AF}.Release|Windows-x86.ActiveCfg = Release|Any CPU
		{565EB1BB-AB0E-4D06-B975-9ADD37CE43AF}.Release|Windows-x86.Build.0 = Release|Any CPU
		{F8EBED14-85C2-4D0B-A33C-FCB23CB964CD}.Debug|Android.ActiveCfg = Debug|Any CPU
		{F8EBED14-85C2-4D0B-A33C-FCB23CB964CD}.Debug|Android.Build.0 = Debug|Any CPU
		{F8EBED14-85C2-4D0B-A33C-FCB23CB964CD}.Debug|Any CPU.ActiveCfg = Debug|Any CPU
		{F8EBED14-85C2-4D0B-A33C-FCB23CB964CD}.Debug|Any CPU.Build.0 = Debug|Any CPU
		{F8EBED14-85C2-4D0B-A33C-FCB23CB964CD}.Debug|iOS.ActiveCfg = Debug|Any CPU
		{F8EBED14-85C2-4D0B-A33C-FCB23CB964CD}.Debug|iOS.Build.0 = Debug|Any CPU
		{F8EBED14-85C2-4D0B-A33C-FCB23CB964CD}.Debug|Windows-AnyCPU.ActiveCfg = Debug|Any CPU
		{F8EBED14-85C2-4D0B-A33C-FCB23CB964CD}.Debug|Windows-AnyCPU.Build.0 = Debug|Any CPU
		{F8EBED14-85C2-4D0B-A33C-FCB23CB964CD}.Debug|Windows-ARM.ActiveCfg = Debug|Any CPU
		{F8EBED14-85C2-4D0B-A33C-FCB23CB964CD}.Debug|Windows-ARM.Build.0 = Debug|Any CPU
		{F8EBED14-85C2-4D0B-A33C-FCB23CB964CD}.Debug|Windows-x64.ActiveCfg = Debug|Any CPU
		{F8EBED14-85C2-4D0B-A33C-FCB23CB964CD}.Debug|Windows-x64.Build.0 = Debug|Any CPU
		{F8EBED14-85C2-4D0B-A33C-FCB23CB964CD}.Debug|Windows-x86.ActiveCfg = Debug|Any CPU
		{F8EBED14-85C2-4D0B-A33C-FCB23CB964CD}.Debug|Windows-x86.Build.0 = Debug|Any CPU
		{F8EBED14-85C2-4D0B-A33C-FCB23CB964CD}.Release|Android.ActiveCfg = Release|Any CPU
		{F8EBED14-85C2-4D0B-A33C-FCB23CB964CD}.Release|Android.Build.0 = Release|Any CPU
		{F8EBED14-85C2-4D0B-A33C-FCB23CB964CD}.Release|Any CPU.ActiveCfg = Release|Any CPU
		{F8EBED14-85C2-4D0B-A33C-FCB23CB964CD}.Release|Any CPU.Build.0 = Release|Any CPU
		{F8EBED14-85C2-4D0B-A33C-FCB23CB964CD}.Release|iOS.ActiveCfg = Release|Any CPU
		{F8EBED14-85C2-4D0B-A33C-FCB23CB964CD}.Release|iOS.Build.0 = Release|Any CPU
		{F8EBED14-85C2-4D0B-A33C-FCB23CB964CD}.Release|Windows-AnyCPU.ActiveCfg = Release|Any CPU
		{F8EBED14-85C2-4D0B-A33C-FCB23CB964CD}.Release|Windows-AnyCPU.Build.0 = Release|Any CPU
		{F8EBED14-85C2-4D0B-A33C-FCB23CB964CD}.Release|Windows-ARM.ActiveCfg = Release|Any CPU
		{F8EBED14-85C2-4D0B-A33C-FCB23CB964CD}.Release|Windows-ARM.Build.0 = Release|Any CPU
		{F8EBED14-85C2-4D0B-A33C-FCB23CB964CD}.Release|Windows-x64.ActiveCfg = Release|Any CPU
		{F8EBED14-85C2-4D0B-A33C-FCB23CB964CD}.Release|Windows-x64.Build.0 = Release|Any CPU
		{F8EBED14-85C2-4D0B-A33C-FCB23CB964CD}.Release|Windows-x86.ActiveCfg = Release|Any CPU
		{F8EBED14-85C2-4D0B-A33C-FCB23CB964CD}.Release|Windows-x86.Build.0 = Release|Any CPU
		{42708936-3275-41B9-A078-54A012114840}.Debug|Android.ActiveCfg = Debug|Any CPU
		{42708936-3275-41B9-A078-54A012114840}.Debug|Android.Build.0 = Debug|Any CPU
		{42708936-3275-41B9-A078-54A012114840}.Debug|Any CPU.ActiveCfg = Debug|Any CPU
		{42708936-3275-41B9-A078-54A012114840}.Debug|Any CPU.Build.0 = Debug|Any CPU
		{42708936-3275-41B9-A078-54A012114840}.Debug|iOS.ActiveCfg = Debug|Any CPU
		{42708936-3275-41B9-A078-54A012114840}.Debug|iOS.Build.0 = Debug|Any CPU
		{42708936-3275-41B9-A078-54A012114840}.Debug|Windows-AnyCPU.ActiveCfg = Debug|Any CPU
		{42708936-3275-41B9-A078-54A012114840}.Debug|Windows-AnyCPU.Build.0 = Debug|Any CPU
		{42708936-3275-41B9-A078-54A012114840}.Debug|Windows-ARM.ActiveCfg = Debug|Any CPU
		{42708936-3275-41B9-A078-54A012114840}.Debug|Windows-ARM.Build.0 = Debug|Any CPU
		{42708936-3275-41B9-A078-54A012114840}.Debug|Windows-x64.ActiveCfg = Debug|Any CPU
		{42708936-3275-41B9-A078-54A012114840}.Debug|Windows-x64.Build.0 = Debug|Any CPU
		{42708936-3275-41B9-A078-54A012114840}.Debug|Windows-x86.ActiveCfg = Debug|Any CPU
		{42708936-3275-41B9-A078-54A012114840}.Debug|Windows-x86.Build.0 = Debug|Any CPU
		{42708936-3275-41B9-A078-54A012114840}.Release|Android.ActiveCfg = Release|Any CPU
		{42708936-3275-41B9-A078-54A012114840}.Release|Android.Build.0 = Release|Any CPU
		{42708936-3275-41B9-A078-54A012114840}.Release|Any CPU.ActiveCfg = Release|Any CPU
		{42708936-3275-41B9-A078-54A012114840}.Release|Any CPU.Build.0 = Release|Any CPU
		{42708936-3275-41B9-A078-54A012114840}.Release|iOS.ActiveCfg = Release|Any CPU
		{42708936-3275-41B9-A078-54A012114840}.Release|iOS.Build.0 = Release|Any CPU
		{42708936-3275-41B9-A078-54A012114840}.Release|Windows-AnyCPU.ActiveCfg = Release|Any CPU
		{42708936-3275-41B9-A078-54A012114840}.Release|Windows-AnyCPU.Build.0 = Release|Any CPU
		{42708936-3275-41B9-A078-54A012114840}.Release|Windows-ARM.ActiveCfg = Release|Any CPU
		{42708936-3275-41B9-A078-54A012114840}.Release|Windows-ARM.Build.0 = Release|Any CPU
		{42708936-3275-41B9-A078-54A012114840}.Release|Windows-x64.ActiveCfg = Release|Any CPU
		{42708936-3275-41B9-A078-54A012114840}.Release|Windows-x64.Build.0 = Release|Any CPU
		{42708936-3275-41B9-A078-54A012114840}.Release|Windows-x86.ActiveCfg = Release|Any CPU
		{42708936-3275-41B9-A078-54A012114840}.Release|Windows-x86.Build.0 = Release|Any CPU
	EndGlobalSection
	GlobalSection(SolutionProperties) = preSolution
		HideSolutionNode = FALSE
	EndGlobalSection
	GlobalSection(NestedProjects) = preSolution
		{3758EF2D-3F41-46DB-95EA-E4D11C7AB825} = {37C5B399-8817-4B83-9836-A425F221AB0C}
		{F1E3F8E2-3376-4A02-905D-E8BDE290DF76} = {37C5B399-8817-4B83-9836-A425F221AB0C}
		{15D313F6-D3C6-4C17-A1B6-B7F69FE6F161} = {37C5B399-8817-4B83-9836-A425F221AB0C}
		{ADC89388-2015-46D5-91B8-CEE5487C8538} = {37C5B399-8817-4B83-9836-A425F221AB0C}
		{09FFDE75-A7F2-450B-978A-EC579FDE651E} = {C661E89E-E81D-4201-B0F2-96FA8E052DC3}
		{50489431-DC01-4429-A85F-4F638DB61D68} = {C661E89E-E81D-4201-B0F2-96FA8E052DC3}
		{896ADF98-94CC-4616-8671-5493BE136E4E} = {C661E89E-E81D-4201-B0F2-96FA8E052DC3}
		{120DF1AA-8083-4F4F-9144-2D02C91EFF6C} = {C661E89E-E81D-4201-B0F2-96FA8E052DC3}
		{F8EBED14-85C2-4D0B-A33C-FCB23CB964CD} = {B4E835FE-6BA9-4C4A-9067-551FC0330B7B}
	EndGlobalSection
	GlobalSection(ExtensibilityGlobals) = postSolution
		SolutionGuid = {4C4D14FA-B136-40A5-9BD9-0B2B541D9E08}
	EndGlobalSection
EndGlobal
